PODS:
  - FXBlurView (1.6.4)
  - JRSwizzle (1.0)
  - MercadoPagoSDK (4.32.4):
    - MercadoPagoSDK/Default (= 4.32.4)
    - MLBusinessComponents (~> 1.0)
    - MLCardForm (~> 0.1)
  - MercadoPagoSDK/Default (4.32.4):
    - MLBusinessComponents (~> 1.0)
    - MLCardDrawer (~> 1.0)
    - MLCardForm (~> 0.1)
    - MLUI (~> 5.0)
  - MLBusinessComponents (1.10.0):
    - MLBusinessComponents/Default (= 1.10.0)
    - MLUI (~> 5.0)
  - MLBusinessComponents/Default (1.10.0):
    - MLUI (~> 5.0)
  - MLCardDrawer (1.4.9):
    - MLCardDrawer/Default (= 1.4.9)
  - MLCardDrawer/Default (1.4.9)
  - MLCardForm (0.8.4):
    - MLCardDrawer (~> 1.0)
    - MLCardForm/Default (= 0.8.4)
    - MLUI (~> 5.0)
  - MLCardForm/Default (0.8.4):
    - MLCardDrawer (~> 1.0)
    - MLUI (~> 5.0)
  - MLUI (5.21.0):
    - MLUI/ActionButton (= 5.21.0)
    - MLUI/Core (= 5.21.0)
    - MLUI/Helpers (= 5.21.0)
    - MLUI/MLButton (= 5.21.0)
    - MLUI/MLCheckBox (= 5.21.0)
    - MLUI/MLColorPalette (= 5.21.0)
    - MLUI/MLContextualMenu (= 5.21.0)
    - MLUI/MLFonts (= 5.21.0)
    - MLUI/MLFullscreenModal (= 5.21.0)
    - MLUI/MLGenericErrorView (= 5.21.0)
    - MLUI/MLHeader (= 5.21.0)
    - MLUI/MLHtml (= 5.21.0)
    - MLUI/MLModal (= 5.21.0)
    - MLUI/MLRadioButton (= 5.21.0)
    - MLUI/MLSnackBar (= 5.21.0)
    - MLUI/MLSpacing (= 5.21.0)
    - MLUI/MLSpinner (= 5.21.0)
    - MLUI/MLSwitch (= 5.21.0)
    - MLUI/MLTextView (= 5.21.0)
    - MLUI/MLTitledMultiLineTextField (= 5.21.0)
    - MLUI/MLTitledSingleLineTextField (= 5.21.0)
    - MLUI/PriceView (= 5.21.0)
    - MLUI/SnackBarView (= 5.21.0)
    - MLUI/StyleSheet (= 5.21.0)
  - MLUI/ActionButton (5.21.0):
    - MLUI/Core
  - MLUI/Core (5.21.0):
    - MLUI/MLFonts
  - MLUI/Helpers (5.21.0)
  - MLUI/MLButton (5.21.0):
    - MLUI/Core
    - MLUI/MLColorPalette
    - MLUI/MLFonts
    - MLUI/MLSpinner
    - MLUI/StyleSheet
  - MLUI/MLCheckBox (5.21.0):
    - MLUI/MLColorPalette
    - MLUI/StyleSheet
  - MLUI/MLColorPalette (5.21.0)
  - MLUI/MLContextualMenu (5.21.0):
    - MLUI/MLColorPalette
    - MLUI/MLFonts
  - MLUI/MLFonts (5.21.0):
    - JRSwizzle (= 1.0)
    - MLUI/Helpers
    - MLUI/StyleSheet
  - MLUI/MLFullscreenModal (5.21.0):
    - FXBlurView (~> 1.6)
    - MLUI/Core
    - MLUI/MLButton
    - MLUI/MLColorPalette
    - MLUI/MLFonts
    - MLUI/MLHeader
    - MLUI/StyleSheet
  - MLUI/MLGenericErrorView (5.21.0):
    - MLUI/MLButton
    - MLUI/MLColorPalette
    - MLUI/MLSpacing
  - MLUI/MLHeader (5.21.0):
    - MLUI/MLColorPalette
    - MLUI/StyleSheet
  - MLUI/MLHtml (5.21.0):
    - MLUI/MLFonts
  - MLUI/MLModal (5.21.0):
    - FXBlurView (~> 1.6)
    - MLUI/Core
    - MLUI/MLButton
    - MLUI/MLColorPalette
    - MLUI/MLFonts
    - MLUI/StyleSheet
  - MLUI/MLRadioButton (5.21.0):
    - MLUI/StyleSheet
  - MLUI/MLSnackBar (5.21.0):
    - MLUI/Helpers
    - MLUI/MLButton
    - MLUI/MLColorPalette
    - MLUI/MLFonts
  - MLUI/MLSpacing (5.21.0):
    - JRSwizzle (= 1.0)
    - MLUI/MLFonts
  - MLUI/MLSpinner (5.21.0):
    - MLUI/MLColorPalette
    - MLUI/MLFonts
    - MLUI/StyleSheet
  - MLUI/MLSwitch (5.21.0):
    - MLUI/Helpers
    - MLUI/MLColorPalette
  - MLUI/MLTextView (5.21.0):
    - MLUI/MLColorPalette
    - MLUI/MLFonts
  - MLUI/MLTitledMultiLineTextField (5.21.0):
    - MLUI/MLColorPalette
    - MLUI/MLFonts
    - MLUI/MLTitledSingleLineTextField
    - MLUI/StyleSheet
  - MLUI/MLTitledSingleLineTextField (5.21.0):
    - MLUI/MLColorPalette
    - MLUI/MLFonts
    - MLUI/StyleSheet
  - MLUI/PriceView (5.21.0):
    - MLUI/Core
    - MLUI/MLFonts
  - MLUI/SnackBarView (5.21.0):
    - MLUI/Helpers
    - MLUI/MLFonts
  - MLUI/StyleSheet (5.21.0)

DEPENDENCIES:
  - MercadoPagoSDK (~> 4.32)

SPEC REPOS:
  trunk:
    - FXBlurView
    - JRSwizzle
    - MercadoPagoSDK
    - MLBusinessComponents
    - MLCardDrawer
    - MLCardForm
    - MLUI

SPEC CHECKSUMS:
  FXBlurView: db786c2561cb49a09ae98407f52460096ab8a44f
  JRSwizzle: dd5ead5d913a0f29e7f558200165849f006bb1e3
  MercadoPagoSDK: 634fc8a9fe7f99f4d73506659c68cdbb885407fc
  MLBusinessComponents: 338390242212caaba1c5fed8953a51d194018202
  MLCardDrawer: 2a432630e9cecaac357f8cb6c181bb0510b90124
  MLCardForm: 1ea19e318acd0ec0ddbfd20900ac06d83e57414e
  MLUI: 199caeb2318ac42c3a3a682ef993844ca1c70da4

PODFILE CHECKSUM: ee8868b574166fe8100ebc65c51db0e76d305777

COCOAPODS: 1.9.2
